
Microsoft Visual Studio Solution File, Format Version 12.00
# Visual Studio Version 17
VisualStudioVersion = 17.0.31903.59
MinimumVisualStudioVersion = 10.0.40219.1
Project("{2150E333-8FDC-42A3-9474-1A3956D46DE8}") = "src", "src", "{827E0CD3-B72D-47B6-A68D-7590B98EB39B}"
EndProject
Project("{2150E333-8FDC-42A3-9474-1A3956D46DE8}") = "Application", "Application", "{22BAF98C-8415-17C4-B26A-D537657BC863}"
EndProject
Project("{FAE04EC0-301F-11D3-BF4B-00C04F79EFBC}") = "N5Challenge.Application.UseCases", "src\Application\N5Challenge.Application.UseCases\N5Challenge.Application.UseCases.csproj", "{A934CDBA-3E69-4429-94A3-D3C829AF7453}"
EndProject
Project("{2150E333-8FDC-42A3-9474-1A3956D46DE8}") = "Domain", "Domain", "{8B290487-4C16-E85E-E807-F579CBE9FC4D}"
EndProject
Project("{FAE04EC0-301F-11D3-BF4B-00C04F79EFBC}") = "N5Challenge.Domain", "src\Domain\N5Challenge.Domain\N5Challenge.Domain.csproj", "{E88C8464-B45A-490B-B57A-EDF9F78601DB}"
EndProject
Project("{2150E333-8FDC-42A3-9474-1A3956D46DE8}") = "Infrastructure", "Infrastructure", "{9048EB7F-3875-A59E-E36B-5BD4C6F2A282}"
EndProject
Project("{FAE04EC0-301F-11D3-BF4B-00C04F79EFBC}") = "N5Challenge.Infrastructure.Persistence", "src\Infrastructure\N5Challenge.Infrastructure.Persistence\N5Challenge.Infrastructure.Persistence.csproj", "{FEBB92E6-AA9F-4C16-BAD9-E550F47C92D8}"
EndProject
Project("{FAE04EC0-301F-11D3-BF4B-00C04F79EFBC}") = "N5Challenge.Infrastructure.Services", "src\Infrastructure\N5Challenge.Infrastructure.Services\N5Challenge.Infrastructure.Services.csproj", "{3943A92D-2A2E-44AA-B852-9A0B17DA4001}"
EndProject
Project("{2150E333-8FDC-42A3-9474-1A3956D46DE8}") = "Services", "Services", "{984BB9B3-3FA3-BE33-9484-CAC21695A33C}"
EndProject
Project("{FAE04EC0-301F-11D3-BF4B-00C04F79EFBC}") = "N5Challenge.Services.WebAPI", "src\Services\N5Challenge.Services.WebAPI\N5Challenge.Services.WebAPI.csproj", "{A0BAA9C3-210B-450A-8778-3D13C6C654B0}"
EndProject
Project("{2150E333-8FDC-42A3-9474-1A3956D46DE8}") = "Transversal", "Transversal", "{54EAE80D-8AC1-F141-45EC-1C7C3E08AC6E}"
EndProject
Project("{FAE04EC0-301F-11D3-BF4B-00C04F79EFBC}") = "N5Challenge.Transversal.Common", "src\Transversal\N5Challenge.Transversal.Common\N5Challenge.Transversal.Common.csproj", "{00F2A6E7-F084-4D17-BEFA-AA53F9D65116}"
EndProject
Project("{2150E333-8FDC-42A3-9474-1A3956D46DE8}") = "test", "test", "{0C88DD14-F956-CE84-757C-A364CCF449FC}"
EndProject
Project("{FAE04EC0-301F-11D3-BF4B-00C04F79EFBC}") = "Test.IntegrationTests", "test\Test.IntegrationTests\Test.IntegrationTests.csproj", "{2743F126-A6A8-49AA-9478-5F67B9B5B62E}"
EndProject
Project("{FAE04EC0-301F-11D3-BF4B-00C04F79EFBC}") = "Test.UnitTests", "test\Test.UnitTests\Test.UnitTests.csproj", "{609F3A9A-1DC2-4C4A-A334-33DB784D763B}"
EndProject
Project("{2150E333-8FDC-42A3-9474-1A3956D46DE8}") = "Seed", "Seed", "{A03607C6-EC93-269F-456A-70F0E1F4C409}"
EndProject
Project("{FAE04EC0-301F-11D3-BF4B-00C04F79EFBC}") = "N5Challenge.Seed", "src\Seed\N5Challenge.Seed\N5Challenge.Seed.csproj", "{FF8C1091-F01F-4101-818B-2C705A39971A}"
EndProject
Project("{FAE04EC0-301F-11D3-BF4B-00C04F79EFBC}") = "N5Challenge.Application.DTO", "src\Application\N5Challenge.Application.DTO\N5Challenge.Application.DTO.csproj", "{F1D5C3C0-7C79-4159-8212-52C46A73FF07}"
EndProject
Project("{FAE04EC0-301F-11D3-BF4B-00C04F79EFBC}") = "N5Challenge.Application.Interfaces", "src\Application\N5Challenge.Application.Interfaces\N5Challenge.Application.Interfaces.csproj", "{60046743-6E8D-4B95-9709-C42E77453C39}"
EndProject
Global
	GlobalSection(SolutionConfigurationPlatforms) = preSolution
		Debug|Any CPU = Debug|Any CPU
		Debug|x64 = Debug|x64
		Debug|x86 = Debug|x86
		Release|Any CPU = Release|Any CPU
		Release|x64 = Release|x64
		Release|x86 = Release|x86
	EndGlobalSection
	GlobalSection(ProjectConfigurationPlatforms) = postSolution
		{A934CDBA-3E69-4429-94A3-D3C829AF7453}.Debug|Any CPU.ActiveCfg = Debug|Any CPU
		{A934CDBA-3E69-4429-94A3-D3C829AF7453}.Debug|Any CPU.Build.0 = Debug|Any CPU
		{A934CDBA-3E69-4429-94A3-D3C829AF7453}.Debug|x64.ActiveCfg = Debug|Any CPU
		{A934CDBA-3E69-4429-94A3-D3C829AF7453}.Debug|x64.Build.0 = Debug|Any CPU
		{A934CDBA-3E69-4429-94A3-D3C829AF7453}.Debug|x86.ActiveCfg = Debug|Any CPU
		{A934CDBA-3E69-4429-94A3-D3C829AF7453}.Debug|x86.Build.0 = Debug|Any CPU
		{A934CDBA-3E69-4429-94A3-D3C829AF7453}.Release|Any CPU.ActiveCfg = Release|Any CPU
		{A934CDBA-3E69-4429-94A3-D3C829AF7453}.Release|Any CPU.Build.0 = Release|Any CPU
		{A934CDBA-3E69-4429-94A3-D3C829AF7453}.Release|x64.ActiveCfg = Release|Any CPU
		{A934CDBA-3E69-4429-94A3-D3C829AF7453}.Release|x64.Build.0 = Release|Any CPU
		{A934CDBA-3E69-4429-94A3-D3C829AF7453}.Release|x86.ActiveCfg = Release|Any CPU
		{A934CDBA-3E69-4429-94A3-D3C829AF7453}.Release|x86.Build.0 = Release|Any CPU
		{E88C8464-B45A-490B-B57A-EDF9F78601DB}.Debug|Any CPU.ActiveCfg = Debug|Any CPU
		{E88C8464-B45A-490B-B57A-EDF9F78601DB}.Debug|Any CPU.Build.0 = Debug|Any CPU
		{E88C8464-B45A-490B-B57A-EDF9F78601DB}.Debug|x64.ActiveCfg = Debug|Any CPU
		{E88C8464-B45A-490B-B57A-EDF9F78601DB}.Debug|x64.Build.0 = Debug|Any CPU
		{E88C8464-B45A-490B-B57A-EDF9F78601DB}.Debug|x86.ActiveCfg = Debug|Any CPU
		{E88C8464-B45A-490B-B57A-EDF9F78601DB}.Debug|x86.Build.0 = Debug|Any CPU
		{E88C8464-B45A-490B-B57A-EDF9F78601DB}.Release|Any CPU.ActiveCfg = Release|Any CPU
		{E88C8464-B45A-490B-B57A-EDF9F78601DB}.Release|Any CPU.Build.0 = Release|Any CPU
		{E88C8464-B45A-490B-B57A-EDF9F78601DB}.Release|x64.ActiveCfg = Release|Any CPU
		{E88C8464-B45A-490B-B57A-EDF9F78601DB}.Release|x64.Build.0 = Release|Any CPU
		{E88C8464-B45A-490B-B57A-EDF9F78601DB}.Release|x86.ActiveCfg = Release|Any CPU
		{E88C8464-B45A-490B-B57A-EDF9F78601DB}.Release|x86.Build.0 = Release|Any CPU
		{FEBB92E6-AA9F-4C16-BAD9-E550F47C92D8}.Debug|Any CPU.ActiveCfg = Debug|Any CPU
		{FEBB92E6-AA9F-4C16-BAD9-E550F47C92D8}.Debug|Any CPU.Build.0 = Debug|Any CPU
		{FEBB92E6-AA9F-4C16-BAD9-E550F47C92D8}.Debug|x64.ActiveCfg = Debug|Any CPU
		{FEBB92E6-AA9F-4C16-BAD9-E550F47C92D8}.Debug|x64.Build.0 = Debug|Any CPU
		{FEBB92E6-AA9F-4C16-BAD9-E550F47C92D8}.Debug|x86.ActiveCfg = Debug|Any CPU
		{FEBB92E6-AA9F-4C16-BAD9-E550F47C92D8}.Debug|x86.Build.0 = Debug|Any CPU
		{FEBB92E6-AA9F-4C16-BAD9-E550F47C92D8}.Release|Any CPU.ActiveCfg = Release|Any CPU
		{FEBB92E6-AA9F-4C16-BAD9-E550F47C92D8}.Release|Any CPU.Build.0 = Release|Any CPU
		{FEBB92E6-AA9F-4C16-BAD9-E550F47C92D8}.Release|x64.ActiveCfg = Release|Any CPU
		{FEBB92E6-AA9F-4C16-BAD9-E550F47C92D8}.Release|x64.Build.0 = Release|Any CPU
		{FEBB92E6-AA9F-4C16-BAD9-E550F47C92D8}.Release|x86.ActiveCfg = Release|Any CPU
		{FEBB92E6-AA9F-4C16-BAD9-E550F47C92D8}.Release|x86.Build.0 = Release|Any CPU
		{3943A92D-2A2E-44AA-B852-9A0B17DA4001}.Debug|Any CPU.ActiveCfg = Debug|Any CPU
		{3943A92D-2A2E-44AA-B852-9A0B17DA4001}.Debug|Any CPU.Build.0 = Debug|Any CPU
		{3943A92D-2A2E-44AA-B852-9A0B17DA4001}.Debug|x64.ActiveCfg = Debug|Any CPU
		{3943A92D-2A2E-44AA-B852-9A0B17DA4001}.Debug|x64.Build.0 = Debug|Any CPU
		{3943A92D-2A2E-44AA-B852-9A0B17DA4001}.Debug|x86.ActiveCfg = Debug|Any CPU
		{3943A92D-2A2E-44AA-B852-9A0B17DA4001}.Debug|x86.Build.0 = Debug|Any CPU
		{3943A92D-2A2E-44AA-B852-9A0B17DA4001}.Release|Any CPU.ActiveCfg = Release|Any CPU
		{3943A92D-2A2E-44AA-B852-9A0B17DA4001}.Release|Any CPU.Build.0 = Release|Any CPU
		{3943A92D-2A2E-44AA-B852-9A0B17DA4001}.Release|x64.ActiveCfg = Release|Any CPU
		{3943A92D-2A2E-44AA-B852-9A0B17DA4001}.Release|x64.Build.0 = Release|Any CPU
		{3943A92D-2A2E-44AA-B852-9A0B17DA4001}.Release|x86.ActiveCfg = Release|Any CPU
		{3943A92D-2A2E-44AA-B852-9A0B17DA4001}.Release|x86.Build.0 = Release|Any CPU
		{A0BAA9C3-210B-450A-8778-3D13C6C654B0}.Debug|Any CPU.ActiveCfg = Debug|Any CPU
		{A0BAA9C3-210B-450A-8778-3D13C6C654B0}.Debug|Any CPU.Build.0 = Debug|Any CPU
		{A0BAA9C3-210B-450A-8778-3D13C6C654B0}.Debug|x64.ActiveCfg = Debug|Any CPU
		{A0BAA9C3-210B-450A-8778-3D13C6C654B0}.Debug|x64.Build.0 = Debug|Any CPU
		{A0BAA9C3-210B-450A-8778-3D13C6C654B0}.Debug|x86.ActiveCfg = Debug|Any CPU
		{A0BAA9C3-210B-450A-8778-3D13C6C654B0}.Debug|x86.Build.0 = Debug|Any CPU
		{A0BAA9C3-210B-450A-8778-3D13C6C654B0}.Release|Any CPU.ActiveCfg = Release|Any CPU
		{A0BAA9C3-210B-450A-8778-3D13C6C654B0}.Release|Any CPU.Build.0 = Release|Any CPU
		{A0BAA9C3-210B-450A-8778-3D13C6C654B0}.Release|x64.ActiveCfg = Release|Any CPU
		{A0BAA9C3-210B-450A-8778-3D13C6C654B0}.Release|x64.Build.0 = Release|Any CPU
		{A0BAA9C3-210B-450A-8778-3D13C6C654B0}.Release|x86.ActiveCfg = Release|Any CPU
		{A0BAA9C3-210B-450A-8778-3D13C6C654B0}.Release|x86.Build.0 = Release|Any CPU
		{00F2A6E7-F084-4D17-BEFA-AA53F9D65116}.Debug|Any CPU.ActiveCfg = Debug|Any CPU
		{00F2A6E7-F084-4D17-BEFA-AA53F9D65116}.Debug|Any CPU.Build.0 = Debug|Any CPU
		{00F2A6E7-F084-4D17-BEFA-AA53F9D65116}.Debug|x64.ActiveCfg = Debug|Any CPU
		{00F2A6E7-F084-4D17-BEFA-AA53F9D65116}.Debug|x64.Build.0 = Debug|Any CPU
		{00F2A6E7-F084-4D17-BEFA-AA53F9D65116}.Debug|x86.ActiveCfg = Debug|Any CPU
		{00F2A6E7-F084-4D17-BEFA-AA53F9D65116}.Debug|x86.Build.0 = Debug|Any CPU
		{00F2A6E7-F084-4D17-BEFA-AA53F9D65116}.Release|Any CPU.ActiveCfg = Release|Any CPU
		{00F2A6E7-F084-4D17-BEFA-AA53F9D65116}.Release|Any CPU.Build.0 = Release|Any CPU
		{00F2A6E7-F084-4D17-BEFA-AA53F9D65116}.Release|x64.ActiveCfg = Release|Any CPU
		{00F2A6E7-F084-4D17-BEFA-AA53F9D65116}.Release|x64.Build.0 = Release|Any CPU
		{00F2A6E7-F084-4D17-BEFA-AA53F9D65116}.Release|x86.ActiveCfg = Release|Any CPU
		{00F2A6E7-F084-4D17-BEFA-AA53F9D65116}.Release|x86.Build.0 = Release|Any CPU
		{2743F126-A6A8-49AA-9478-5F67B9B5B62E}.Debug|Any CPU.ActiveCfg = Debug|Any CPU
		{2743F126-A6A8-49AA-9478-5F67B9B5B62E}.Debug|Any CPU.Build.0 = Debug|Any CPU
		{2743F126-A6A8-49AA-9478-5F67B9B5B62E}.Debug|x64.ActiveCfg = Debug|Any CPU
		{2743F126-A6A8-49AA-9478-5F67B9B5B62E}.Debug|x64.Build.0 = Debug|Any CPU
		{2743F126-A6A8-49AA-9478-5F67B9B5B62E}.Debug|x86.ActiveCfg = Debug|Any CPU
		{2743F126-A6A8-49AA-9478-5F67B9B5B62E}.Debug|x86.Build.0 = Debug|Any CPU
		{2743F126-A6A8-49AA-9478-5F67B9B5B62E}.Release|Any CPU.ActiveCfg = Release|Any CPU
		{2743F126-A6A8-49AA-9478-5F67B9B5B62E}.Release|Any CPU.Build.0 = Release|Any CPU
		{2743F126-A6A8-49AA-9478-5F67B9B5B62E}.Release|x64.ActiveCfg = Release|Any CPU
		{2743F126-A6A8-49AA-9478-5F67B9B5B62E}.Release|x64.Build.0 = Release|Any CPU
		{2743F126-A6A8-49AA-9478-5F67B9B5B62E}.Release|x86.ActiveCfg = Release|Any CPU
		{2743F126-A6A8-49AA-9478-5F67B9B5B62E}.Release|x86.Build.0 = Release|Any CPU
		{609F3A9A-1DC2-4C4A-A334-33DB784D763B}.Debug|Any CPU.ActiveCfg = Debug|Any CPU
		{609F3A9A-1DC2-4C4A-A334-33DB784D763B}.Debug|Any CPU.Build.0 = Debug|Any CPU
		{609F3A9A-1DC2-4C4A-A334-33DB784D763B}.Debug|x64.ActiveCfg = Debug|Any CPU
		{609F3A9A-1DC2-4C4A-A334-33DB784D763B}.Debug|x64.Build.0 = Debug|Any CPU
		{609F3A9A-1DC2-4C4A-A334-33DB784D763B}.Debug|x86.ActiveCfg = Debug|Any CPU
		{609F3A9A-1DC2-4C4A-A334-33DB784D763B}.Debug|x86.Build.0 = Debug|Any CPU
		{609F3A9A-1DC2-4C4A-A334-33DB784D763B}.Release|Any CPU.ActiveCfg = Release|Any CPU
		{609F3A9A-1DC2-4C4A-A334-33DB784D763B}.Release|Any CPU.Build.0 = Release|Any CPU
		{609F3A9A-1DC2-4C4A-A334-33DB784D763B}.Release|x64.ActiveCfg = Release|Any CPU
		{609F3A9A-1DC2-4C4A-A334-33DB784D763B}.Release|x64.Build.0 = Release|Any CPU
		{609F3A9A-1DC2-4C4A-A334-33DB784D763B}.Release|x86.ActiveCfg = Release|Any CPU
		{609F3A9A-1DC2-4C4A-A334-33DB784D763B}.Release|x86.Build.0 = Release|Any CPU
		{FF8C1091-F01F-4101-818B-2C705A39971A}.Debug|Any CPU.ActiveCfg = Debug|Any CPU
		{FF8C1091-F01F-4101-818B-2C705A39971A}.Debug|Any CPU.Build.0 = Debug|Any CPU
		{FF8C1091-F01F-4101-818B-2C705A39971A}.Debug|x64.ActiveCfg = Debug|Any CPU
		{FF8C1091-F01F-4101-818B-2C705A39971A}.Debug|x64.Build.0 = Debug|Any CPU
		{FF8C1091-F01F-4101-818B-2C705A39971A}.Debug|x86.ActiveCfg = Debug|Any CPU
		{FF8C1091-F01F-4101-818B-2C705A39971A}.Debug|x86.Build.0 = Debug|Any CPU
		{FF8C1091-F01F-4101-818B-2C705A39971A}.Release|Any CPU.ActiveCfg = Release|Any CPU
		{FF8C1091-F01F-4101-818B-2C705A39971A}.Release|Any CPU.Build.0 = Release|Any CPU
		{FF8C1091-F01F-4101-818B-2C705A39971A}.Release|x64.ActiveCfg = Release|Any CPU
		{FF8C1091-F01F-4101-818B-2C705A39971A}.Release|x64.Build.0 = Release|Any CPU
		{FF8C1091-F01F-4101-818B-2C705A39971A}.Release|x86.ActiveCfg = Release|Any CPU
		{FF8C1091-F01F-4101-818B-2C705A39971A}.Release|x86.Build.0 = Release|Any CPU
		{F1D5C3C0-7C79-4159-8212-52C46A73FF07}.Debug|Any CPU.ActiveCfg = Debug|Any CPU
		{F1D5C3C0-7C79-4159-8212-52C46A73FF07}.Debug|Any CPU.Build.0 = Debug|Any CPU
		{F1D5C3C0-7C79-4159-8212-52C46A73FF07}.Debug|x64.ActiveCfg = Debug|Any CPU
		{F1D5C3C0-7C79-4159-8212-52C46A73FF07}.Debug|x64.Build.0 = Debug|Any CPU
		{F1D5C3C0-7C79-4159-8212-52C46A73FF07}.Debug|x86.ActiveCfg = Debug|Any CPU
		{F1D5C3C0-7C79-4159-8212-52C46A73FF07}.Debug|x86.Build.0 = Debug|Any CPU
		{F1D5C3C0-7C79-4159-8212-52C46A73FF07}.Release|Any CPU.ActiveCfg = Release|Any CPU
		{F1D5C3C0-7C79-4159-8212-52C46A73FF07}.Release|Any CPU.Build.0 = Release|Any CPU
		{F1D5C3C0-7C79-4159-8212-52C46A73FF07}.Release|x64.ActiveCfg = Release|Any CPU
		{F1D5C3C0-7C79-4159-8212-52C46A73FF07}.Release|x64.Build.0 = Release|Any CPU
		{F1D5C3C0-7C79-4159-8212-52C46A73FF07}.Release|x86.ActiveCfg = Release|Any CPU
		{F1D5C3C0-7C79-4159-8212-52C46A73FF07}.Release|x86.Build.0 = Release|Any CPU
		{60046743-6E8D-4B95-9709-C42E77453C39}.Debug|Any CPU.ActiveCfg = Debug|Any CPU
		{60046743-6E8D-4B95-9709-C42E77453C39}.Debug|Any CPU.Build.0 = Debug|Any CPU
		{60046743-6E8D-4B95-9709-C42E77453C39}.Debug|x64.ActiveCfg = Debug|Any CPU
		{60046743-6E8D-4B95-9709-C42E77453C39}.Debug|x64.Build.0 = Debug|Any CPU
		{60046743-6E8D-4B95-9709-C42E77453C39}.Debug|x86.ActiveCfg = Debug|Any CPU
		{60046743-6E8D-4B95-9709-C42E77453C39}.Debug|x86.Build.0 = Debug|Any CPU
		{60046743-6E8D-4B95-9709-C42E77453C39}.Release|Any CPU.ActiveCfg = Release|Any CPU
		{60046743-6E8D-4B95-9709-C42E77453C39}.Release|Any CPU.Build.0 = Release|Any CPU
		{60046743-6E8D-4B95-9709-C42E77453C39}.Release|x64.ActiveCfg = Release|Any CPU
		{60046743-6E8D-4B95-9709-C42E77453C39}.Release|x64.Build.0 = Release|Any CPU
		{60046743-6E8D-4B95-9709-C42E77453C39}.Release|x86.ActiveCfg = Release|Any CPU
		{60046743-6E8D-4B95-9709-C42E77453C39}.Release|x86.Build.0 = Release|Any CPU
	EndGlobalSection
	GlobalSection(SolutionProperties) = preSolution
		HideSolutionNode = FALSE
	EndGlobalSection
	GlobalSection(NestedProjects) = preSolution
		{22BAF98C-8415-17C4-B26A-D537657BC863} = {827E0CD3-B72D-47B6-A68D-7590B98EB39B}
		{A934CDBA-3E69-4429-94A3-D3C829AF7453} = {22BAF98C-8415-17C4-B26A-D537657BC863}
		{8B290487-4C16-E85E-E807-F579CBE9FC4D} = {827E0CD3-B72D-47B6-A68D-7590B98EB39B}
		{E88C8464-B45A-490B-B57A-EDF9F78601DB} = {8B290487-4C16-E85E-E807-F579CBE9FC4D}
		{9048EB7F-3875-A59E-E36B-5BD4C6F2A282} = {827E0CD3-B72D-47B6-A68D-7590B98EB39B}
		{FEBB92E6-AA9F-4C16-BAD9-E550F47C92D8} = {9048EB7F-3875-A59E-E36B-5BD4C6F2A282}
		{3943A92D-2A2E-44AA-B852-9A0B17DA4001} = {9048EB7F-3875-A59E-E36B-5BD4C6F2A282}
		{984BB9B3-3FA3-BE33-9484-CAC21695A33C} = {827E0CD3-B72D-47B6-A68D-7590B98EB39B}
		{A0BAA9C3-210B-450A-8778-3D13C6C654B0} = {984BB9B3-3FA3-BE33-9484-CAC21695A33C}
		{54EAE80D-8AC1-F141-45EC-1C7C3E08AC6E} = {827E0CD3-B72D-47B6-A68D-7590B98EB39B}
		{00F2A6E7-F084-4D17-BEFA-AA53F9D65116} = {54EAE80D-8AC1-F141-45EC-1C7C3E08AC6E}
		{2743F126-A6A8-49AA-9478-5F67B9B5B62E} = {0C88DD14-F956-CE84-757C-A364CCF449FC}
		{609F3A9A-1DC2-4C4A-A334-33DB784D763B} = {0C88DD14-F956-CE84-757C-A364CCF449FC}
		{A03607C6-EC93-269F-456A-70F0E1F4C409} = {827E0CD3-B72D-47B6-A68D-7590B98EB39B}
		{FF8C1091-F01F-4101-818B-2C705A39971A} = {A03607C6-EC93-269F-456A-70F0E1F4C409}
		{F1D5C3C0-7C79-4159-8212-52C46A73FF07} = {22BAF98C-8415-17C4-B26A-D537657BC863}
		{60046743-6E8D-4B95-9709-C42E77453C39} = {22BAF98C-8415-17C4-B26A-D537657BC863}
	EndGlobalSection
EndGlobal
